
Microsoft Visual Studio Solution File, Format Version 12.00
# Visual Studio Version 17
VisualStudioVersion = 17.9.34622.214
MinimumVisualStudioVersion = 10.0.40219.1
Project("{FAE04EC0-301F-11D3-BF4B-00C04F79EFBC}") = "RapidApiProject", "RapidApiProject\RapidApiProject.csproj", "{E56A81A7-1B86-4B7A-8F4A-8660EAF5D881}"
EndProject
Global
	GlobalSection(SolutionConfigurationPlatforms) = preSolution
		Debug|Any CPU = Debug|Any CPU
		Release|Any CPU = Release|Any CPU
	EndGlobalSection
	GlobalSection(ProjectConfigurationPlatforms) = postSolution
		{E56A81A7-1B86-4B7A-8F4A-8660EAF5D881}.Debug|Any CPU.ActiveCfg = Debug|Any CPU
		{E56A81A7-1B86-4B7A-8F4A-8660EAF5D881}.Debug|Any CPU.Build.0 = Debug|Any CPU
		{E56A81A7-1B86-4B7A-8F4A-8660EAF5D881}.Release|Any CPU.ActiveCfg = Release|Any CPU
		{E56A81A7-1B86-4B7A-8F4A-8660EAF5D881}.Release|Any CPU.Build.0 = Release|Any CPU
	EndGlobalSection
	GlobalSection(SolutionProperties) = preSolution
		HideSolutionNode = FALSE
	EndGlobalSection
	GlobalSection(ExtensibilityGlobals) = postSolution
		SolutionGuid = {74D26F0A-ED07-44D6-A46D-CE0200839C9C}
	EndGlobalSection
EndGlobal
